
Microsoft Visual Studio Solution File, Format Version 12.00
# Visual Studio Version 17
VisualStudioVersion = 17.0.31903.59
MinimumVisualStudioVersion = 10.0.40219.1
Project("{FAE04EC0-301F-11D3-BF4B-00C04F79EFBC}") = "api", "Api\api.csproj", "{EEDC823D-B69A-4736-BED2-81F7A1C131E5}"
EndProject
Project("{FAE04EC0-301F-11D3-BF4B-00C04F79EFBC}") = "service", "Service\service.csproj", "{61FE8478-E3E4-4EA3-AA78-48B4817E0E1A}"
EndProject
Project("{FAE04EC0-301F-11D3-BF4B-00C04F79EFBC}") = "DataAccess", "DataAccess\DataAccess.csproj", "{6D9F2E68-7B00-44B8-9113-AFCAE4977262}"
EndProject
Global
	GlobalSection(SolutionConfigurationPlatforms) = preSolution
		Debug|Any CPU = Debug|Any CPU
		Release|Any CPU = Release|Any CPU
	EndGlobalSection
	GlobalSection(SolutionProperties) = preSolution
		HideSolutionNode = FALSE
	EndGlobalSection
	GlobalSection(ProjectConfigurationPlatforms) = postSolution
		{EEDC823D-B69A-4736-BED2-81F7A1C131E5}.Debug|Any CPU.ActiveCfg = Debug|Any CPU
		{EEDC823D-B69A-4736-BED2-81F7A1C131E5}.Debug|Any CPU.Build.0 = Debug|Any CPU
		{EEDC823D-B69A-4736-BED2-81F7A1C131E5}.Release|Any CPU.ActiveCfg = Release|Any CPU
		{EEDC823D-B69A-4736-BED2-81F7A1C131E5}.Release|Any CPU.Build.0 = Release|Any CPU
		{61FE8478-E3E4-4EA3-AA78-48B4817E0E1A}.Debug|Any CPU.ActiveCfg = Debug|Any CPU
		{61FE8478-E3E4-4EA3-AA78-48B4817E0E1A}.Debug|Any CPU.Build.0 = Debug|Any CPU
		{61FE8478-E3E4-4EA3-AA78-48B4817E0E1A}.Release|Any CPU.ActiveCfg = Release|Any CPU
		{61FE8478-E3E4-4EA3-AA78-48B4817E0E1A}.Release|Any CPU.Build.0 = Release|Any CPU
		{6D9F2E68-7B00-44B8-9113-AFCAE4977262}.Debug|Any CPU.ActiveCfg = Debug|Any CPU
		{6D9F2E68-7B00-44B8-9113-AFCAE4977262}.Debug|Any CPU.Build.0 = Debug|Any CPU
		{6D9F2E68-7B00-44B8-9113-AFCAE4977262}.Release|Any CPU.ActiveCfg = Release|Any CPU
		{6D9F2E68-7B00-44B8-9113-AFCAE4977262}.Release|Any CPU.Build.0 = Release|Any CPU
	EndGlobalSection
EndGlobal
